PODS:
  - boost-for-react-native (1.63.0)
  - DoubleConversion (1.1.6)
  - FBLazyVector (0.63.38)
  - FBReactNativeSpec (0.63.38):
    - RCT-Folly (= 2020.01.13.00)
    - RCTRequired (= 0.63.38)
    - RCTTypeSafety (= 0.63.38)
    - React-Core (= 0.63.38)
    - React-jsi (= 0.63.38)
    - ReactCommon/turbomodule/core (= 0.63.38)
  - glog (0.3.5)
  - RCT-Folly (2020.01.13.00):
    - boost-for-react-native
    - DoubleConversion
    - glog
    - RCT-Folly/Default (= 2020.01.13.00)
  - RCT-Folly/Default (2020.01.13.00):
    - boost-for-react-native
    - DoubleConversion
    - glog
  - RCTRequired (0.63.38)
  - RCTTypeSafety (0.63.38):
    - FBLazyVector (= 0.63.38)
    - RCT-Folly (= 2020.01.13.00)
    - RCTRequired (= 0.63.38)
    - React-Core (= 0.63.38)
  - React (0.63.38):
    - React-Core (= 0.63.38)
    - React-Core/DevSupport (= 0.63.38)
    - React-Core/RCTWebSocket (= 0.63.38)
    - React-RCTActionSheet (= 0.63.38)
    - React-RCTAnimation (= 0.63.38)
    - React-RCTBlob (= 0.63.38)
    - React-RCTImage (= 0.63.38)
    - React-RCTLinking (= 0.63.38)
    - React-RCTNetwork (= 0.63.38)
    - React-RCTSettings (= 0.63.38)
    - React-RCTText (= 0.63.38)
    - React-RCTVibration (= 0.63.38)
  - React-callinvoker (0.63.38)
  - React-Core (0.63.38):
    - glog
    - RCT-Folly (= 2020.01.13.00)
    - React-Core/Default (= 0.63.38)
    - React-cxxreact (= 0.63.38)
    - React-jsi (= 0.63.38)
    - React-jsiexecutor (= 0.63.38)
    - Yoga
  - React-Core/CoreModulesHeaders (0.63.38):
    - glog
    - RCT-Folly (= 2020.01.13.00)
    - React-Core/Default
    - React-cxxreact (= 0.63.38)
    - React-jsi (= 0.63.38)
    - React-jsiexecutor (= 0.63.38)
    - Yoga
  - React-Core/Default (0.63.38):
    - glog
    - RCT-Folly (= 2020.01.13.00)
    - React-cxxreact (= 0.63.38)
    - React-jsi (= 0.63.38)
    - React-jsiexecutor (= 0.63.38)
    - Yoga
  - React-Core/DevSupport (0.63.38):
    - glog
    - RCT-Folly (= 2020.01.13.00)
    - React-Core/Default (= 0.63.38)
    - React-Core/RCTWebSocket (= 0.63.38)
    - React-cxxreact (= 0.63.38)
    - React-jsi (= 0.63.38)
    - React-jsiexecutor (= 0.63.38)
    - React-jsinspector (= 0.63.38)
    - Yoga
  - React-Core/RCTActionSheetHeaders (0.63.38):
    - glog
    - RCT-Folly (= 2020.01.13.00)
    - React-Core/Default
    - React-cxxreact (= 0.63.38)
    - React-jsi (= 0.63.38)
    - React-jsiexecutor (= 0.63.38)
    - Yoga
  - React-Core/RCTAnimationHeaders (0.63.38):
    - glog
    - RCT-Folly (= 2020.01.13.00)
    - React-Core/Default
    - React-cxxreact (= 0.63.38)
    - React-jsi (= 0.63.38)
    - React-jsiexecutor (= 0.63.38)
    - Yoga
  - React-Core/RCTBlobHeaders (0.63.38):
    - glog
    - RCT-Folly (= 2020.01.13.00)
    - React-Core/Default
    - React-cxxreact (= 0.63.38)
    - React-jsi (= 0.63.38)
    - React-jsiexecutor (= 0.63.38)
    - Yoga
  - React-Core/RCTImageHeaders (0.63.38):
    - glog
    - RCT-Folly (= 2020.01.13.00)
    - React-Core/Default
    - React-cxxreact (= 0.63.38)
    - React-jsi (= 0.63.38)
    - React-jsiexecutor (= 0.63.38)
    - Yoga
  - React-Core/RCTLinkingHeaders (0.63.38):
    - glog
    - RCT-Folly (= 2020.01.13.00)
    - React-Core/Default
    - React-cxxreact (= 0.63.38)
    - React-jsi (= 0.63.38)
    - React-jsiexecutor (= 0.63.38)
    - Yoga
  - React-Core/RCTNetworkHeaders (0.63.38):
    - glog
    - RCT-Folly (= 2020.01.13.00)
    - React-Core/Default
    - React-cxxreact (= 0.63.38)
    - React-jsi (= 0.63.38)
    - React-jsiexecutor (= 0.63.38)
    - Yoga
  - React-Core/RCTSettingsHeaders (0.63.38):
    - glog
    - RCT-Folly (= 2020.01.13.00)
    - React-Core/Default
    - React-cxxreact (= 0.63.38)
    - React-jsi (= 0.63.38)
    - React-jsiexecutor (= 0.63.38)
    - Yoga
  - React-Core/RCTTextHeaders (0.63.38):
    - glog
    - RCT-Folly (= 2020.01.13.00)
    - React-Core/Default
    - React-cxxreact (= 0.63.38)
    - React-jsi (= 0.63.38)
    - React-jsiexecutor (= 0.63.38)
    - Yoga
  - React-Core/RCTVibrationHeaders (0.63.38):
    - glog
    - RCT-Folly (= 2020.01.13.00)
    - React-Core/Default
    - React-cxxreact (= 0.63.38)
    - React-jsi (= 0.63.38)
    - React-jsiexecutor (= 0.63.38)
    - Yoga
  - React-Core/RCTWebSocket (0.63.38):
    - glog
    - RCT-Folly (= 2020.01.13.00)
    - React-Core/Default (= 0.63.38)
    - React-cxxreact (= 0.63.38)
    - React-jsi (= 0.63.38)
    - React-jsiexecutor (= 0.63.38)
    - Yoga
  - React-CoreModules (0.63.38):
    - FBReactNativeSpec (= 0.63.38)
    - RCT-Folly (= 2020.01.13.00)
    - RCTTypeSafety (= 0.63.38)
    - React-Core/CoreModulesHeaders (= 0.63.38)
    - React-jsi (= 0.63.38)
    - React-RCTImage (= 0.63.38)
    - ReactCommon/turbomodule/core (= 0.63.38)
  - React-cxxreact (0.63.38):
    - boost-for-react-native (= 1.63.0)
    - DoubleConversion
    - glog
    - RCT-Folly (= 2020.01.13.00)
    - React-callinvoker (= 0.63.38)
    - React-jsinspector (= 0.63.38)
  - React-jsi (0.63.38):
    - boost-for-react-native (= 1.63.0)
    - DoubleConversion
    - glog
    - RCT-Folly (= 2020.01.13.00)
    - React-jsi/Default (= 0.63.38)
  - React-jsi/Default (0.63.38):
    - boost-for-react-native (= 1.63.0)
    - DoubleConversion
    - glog
    - RCT-Folly (= 2020.01.13.00)
  - React-jsiexecutor (0.63.38):
    - DoubleConversion
    - glog
    - RCT-Folly (= 2020.01.13.00)
    - React-cxxreact (= 0.63.38)
    - React-jsi (= 0.63.38)
  - React-jsinspector (0.63.38)
  - React-RCTActionSheet (0.63.38):
    - React-Core/RCTActionSheetHeaders (= 0.63.38)
  - React-RCTAnimation (0.63.38):
    - FBReactNativeSpec (= 0.63.38)
    - RCT-Folly (= 2020.01.13.00)
    - RCTTypeSafety (= 0.63.38)
    - React-Core/RCTAnimationHeaders (= 0.63.38)
    - React-jsi (= 0.63.38)
    - ReactCommon/turbomodule/core (= 0.63.38)
  - React-RCTBlob (0.63.38):
    - FBReactNativeSpec (= 0.63.38)
    - RCT-Folly (= 2020.01.13.00)
    - React-Core/RCTBlobHeaders (= 0.63.38)
    - React-Core/RCTWebSocket (= 0.63.38)
    - React-jsi (= 0.63.38)
    - React-RCTNetwork (= 0.63.38)
    - ReactCommon/turbomodule/core (= 0.63.38)
  - React-RCTImage (0.63.38):
    - FBReactNativeSpec (= 0.63.38)
    - RCT-Folly (= 2020.01.13.00)
    - RCTTypeSafety (= 0.63.38)
    - React-Core/RCTImageHeaders (= 0.63.38)
    - React-jsi (= 0.63.38)
    - React-RCTNetwork (= 0.63.38)
    - ReactCommon/turbomodule/core (= 0.63.38)
  - React-RCTLinking (0.63.38):
    - FBReactNativeSpec (= 0.63.38)
    - React-Core/RCTLinkingHeaders (= 0.63.38)
    - React-jsi (= 0.63.38)
    - ReactCommon/turbomodule/core (= 0.63.38)
  - React-RCTNetwork (0.63.38):
    - FBReactNativeSpec (= 0.63.38)
    - RCT-Folly (= 2020.01.13.00)
    - RCTTypeSafety (= 0.63.38)
    - React-Core/RCTNetworkHeaders (= 0.63.38)
    - React-jsi (= 0.63.38)
    - ReactCommon/turbomodule/core (= 0.63.38)
  - React-RCTSettings (0.63.38):
    - FBReactNativeSpec (= 0.63.38)
    - RCT-Folly (= 2020.01.13.00)
    - RCTTypeSafety (= 0.63.38)
    - React-Core/RCTSettingsHeaders (= 0.63.38)
    - React-jsi (= 0.63.38)
    - ReactCommon/turbomodule/core (= 0.63.38)
  - React-RCTText (0.63.38):
    - React-Core/RCTTextHeaders (= 0.63.38)
  - React-RCTVibration (0.63.38):
    - FBReactNativeSpec (= 0.63.38)
    - RCT-Folly (= 2020.01.13.00)
    - React-Core/RCTVibrationHeaders (= 0.63.38)
    - React-jsi (= 0.63.38)
    - ReactCommon/turbomodule/core (= 0.63.38)
  - ReactCommon/turbomodule/core (0.63.38):
    - DoubleConversion
    - glog
    - RCT-Folly (= 2020.01.13.00)
    - React-callinvoker (= 0.63.38)
    - React-Core (= 0.63.38)
    - React-cxxreact (= 0.63.38)
    - React-jsi (= 0.63.38)
  - RNKeychain (7.0.0):
    - React-Core
  - Yoga (1.14.0)

DEPENDENCIES:
  - boost-for-react-native (from `../node_modules/react-native-macos/third-party-podspecs/boost-for-react-native.podspec`)
  - DoubleConversion (from `../node_modules/react-native-macos/third-party-podspecs/DoubleConversion.podspec`)
  - FBLazyVector (from `../node_modules/react-native-macos/Libraries/FBLazyVector`)
  - FBReactNativeSpec (from `../node_modules/react-native-macos/Libraries/FBReactNativeSpec`)
  - glog (from `../node_modules/react-native-macos/third-party-podspecs/glog.podspec`)
  - RCT-Folly (from `../node_modules/react-native-macos/third-party-podspecs/RCT-Folly.podspec`)
  - RCTRequired (from `../node_modules/react-native-macos/Libraries/RCTRequired`)
  - RCTTypeSafety (from `../node_modules/react-native-macos/Libraries/TypeSafety`)
  - React (from `../node_modules/react-native-macos/`)
  - React-callinvoker (from `../node_modules/react-native-macos/ReactCommon/callinvoker`)
  - React-Core (from `../node_modules/react-native-macos/`)
  - React-Core/DevSupport (from `../node_modules/react-native-macos/`)
  - React-Core/RCTWebSocket (from `../node_modules/react-native-macos/`)
  - React-CoreModules (from `../node_modules/react-native-macos/React/CoreModules`)
  - React-cxxreact (from `../node_modules/react-native-macos/ReactCommon/cxxreact`)
  - React-jsi (from `../node_modules/react-native-macos/ReactCommon/jsi`)
  - React-jsiexecutor (from `../node_modules/react-native-macos/ReactCommon/jsiexecutor`)
  - React-jsinspector (from `../node_modules/react-native-macos/ReactCommon/jsinspector`)
  - React-RCTActionSheet (from `../node_modules/react-native-macos/Libraries/ActionSheetIOS`)
  - React-RCTAnimation (from `../node_modules/react-native-macos/Libraries/NativeAnimation`)
  - React-RCTBlob (from `../node_modules/react-native-macos/Libraries/Blob`)
  - React-RCTImage (from `../node_modules/react-native-macos/Libraries/Image`)
  - React-RCTLinking (from `../node_modules/react-native-macos/Libraries/LinkingIOS`)
  - React-RCTNetwork (from `../node_modules/react-native-macos/Libraries/Network`)
  - React-RCTSettings (from `../node_modules/react-native-macos/Libraries/Settings`)
  - React-RCTText (from `../node_modules/react-native-macos/Libraries/Text`)
  - React-RCTVibration (from `../node_modules/react-native-macos/Libraries/Vibration`)
  - ReactCommon/turbomodule/core (from `../node_modules/react-native-macos/ReactCommon`)
  - RNKeychain (from `../node_modules/react-native-keychain`)
  - Yoga (from `../node_modules/react-native-macos/ReactCommon/yoga`)

EXTERNAL SOURCES:
  boost-for-react-native:
    :podspec: "../node_modules/react-native-macos/third-party-podspecs/boost-for-react-native.podspec"
  DoubleConversion:
    :podspec: "../node_modules/react-native-macos/third-party-podspecs/DoubleConversion.podspec"
  FBLazyVector:
    :path: "../node_modules/react-native-macos/Libraries/FBLazyVector"
  FBReactNativeSpec:
    :path: "../node_modules/react-native-macos/Libraries/FBReactNativeSpec"
  glog:
    :podspec: "../node_modules/react-native-macos/third-party-podspecs/glog.podspec"
  RCT-Folly:
    :podspec: "../node_modules/react-native-macos/third-party-podspecs/RCT-Folly.podspec"
  RCTRequired:
    :path: "../node_modules/react-native-macos/Libraries/RCTRequired"
  RCTTypeSafety:
    :path: "../node_modules/react-native-macos/Libraries/TypeSafety"
  React:
    :path: "../node_modules/react-native-macos/"
  React-callinvoker:
    :path: "../node_modules/react-native-macos/ReactCommon/callinvoker"
  React-Core:
    :path: "../node_modules/react-native-macos/"
  React-CoreModules:
    :path: "../node_modules/react-native-macos/React/CoreModules"
  React-cxxreact:
    :path: "../node_modules/react-native-macos/ReactCommon/cxxreact"
  React-jsi:
    :path: "../node_modules/react-native-macos/ReactCommon/jsi"
  React-jsiexecutor:
    :path: "../node_modules/react-native-macos/ReactCommon/jsiexecutor"
  React-jsinspector:
    :path: "../node_modules/react-native-macos/ReactCommon/jsinspector"
  React-RCTActionSheet:
    :path: "../node_modules/react-native-macos/Libraries/ActionSheetIOS"
  React-RCTAnimation:
    :path: "../node_modules/react-native-macos/Libraries/NativeAnimation"
  React-RCTBlob:
    :path: "../node_modules/react-native-macos/Libraries/Blob"
  React-RCTImage:
    :path: "../node_modules/react-native-macos/Libraries/Image"
  React-RCTLinking:
    :path: "../node_modules/react-native-macos/Libraries/LinkingIOS"
  React-RCTNetwork:
    :path: "../node_modules/react-native-macos/Libraries/Network"
  React-RCTSettings:
    :path: "../node_modules/react-native-macos/Libraries/Settings"
  React-RCTText:
    :path: "../node_modules/react-native-macos/Libraries/Text"
  React-RCTVibration:
    :path: "../node_modules/react-native-macos/Libraries/Vibration"
  ReactCommon:
    :path: "../node_modules/react-native-macos/ReactCommon"
  RNKeychain:
    :path: "../node_modules/react-native-keychain"
  Yoga:
    :path: "../node_modules/react-native-macos/ReactCommon/yoga"

SPEC CHECKSUMS:
  boost-for-react-native: dabda8622e76020607c2ae1e65cc0cda8b61479d
  DoubleConversion: 56a44bcfd14ab2ff66f5a146b2e875eb4b69b19b
  FBLazyVector: 6f26a5d3b481c40c520b319ab2919994ab28e51d
  FBReactNativeSpec: a364112f45d4c007ab0a375296bd2b5bc171cd72
  glog: 1cb7c408c781ae8f35bbababe459b45e3dee4ec1
  RCT-Folly: 1347093ffe75e152d846f7e45a3ef901b60021aa
  RCTRequired: 2d4cfa605a65bdd56802eaa8fdbc3310f7136edf
  RCTTypeSafety: 4b3cf5ccb0859341fcb2521ae5d9623582b327e3
  React: dbb7cca926a22af3437d1b584fb25dd539827834
  React-callinvoker: c4559694e7feb44e23bea3146d80ba2115275fc7
  React-Core: c8f2cd77754ecdf30189e161030dd3b124dcfc5e
  React-CoreModules: e0848d9020df774dc6ccbd463b1e479340b5f87e
  React-cxxreact: 9fd4a0bfd568b17b5b443458abd811b88f953058
  React-jsi: 44fbe6321b975bcf197bd2e755bf4bbfcdefc71c
  React-jsiexecutor: fdc300cddea55c8c4cdd35ef7a4ca79d901a008f
  React-jsinspector: fcd5f97a8417f35190dddef8320eca519bcb99d2
  React-RCTActionSheet: cb548b3e6e2469a7a2e35d415a6c202e426d3382
  React-RCTAnimation: 526a79643ef10d3c8682572f10da9e3c37f2bd11
  React-RCTBlob: cd713a51bc0050e2dcac184be7aa3de73712ac46
  React-RCTImage: afe0b37c99dbaed0dc1365166b7002a98d9a1bae
  React-RCTLinking: 3ab416d68e320234c575667a05e8c985f0658135
  React-RCTNetwork: e4c44e037526453d14ab5af49fb29a420e61bf15
  React-RCTSettings: 08fe9de5aa4077191464382070f236079de0922f
  React-RCTText: bc82c1865820b8d07b64b75041b040cff3152a7a
  React-RCTVibration: ab72db1b238f49246d7b7663ce8fa4d57bc29c5b
  ReactCommon: 8164c9d3cd8c956f2fc432b667e964e38ba8e16c
  RNKeychain: 93bde9579af36fb00c7f53f91e279aaffed5a519
  Yoga: a68ce967f49a478e85b0642fd33aee46187ab6f8

PODFILE CHECKSUM: e84655199031bc7b112537bbc81b56a929189252

COCOAPODS: 1.10.1
