PODS:
  - boost-for-react-native (1.63.0)
  - DoubleConversion (1.1.6)
  - FBLazyVector (0.63.37)
  - FBReactNativeSpec (0.63.37):
    - RCT-Folly (= 2020.01.13.00)
    - RCTRequired (= 0.63.37)
    - RCTTypeSafety (= 0.63.37)
    - React-Core (= 0.63.37)
    - React-jsi (= 0.63.37)
    - ReactCommon/turbomodule/core (= 0.63.37)
  - glog (0.3.5)
  - RCT-Folly (2020.01.13.00):
    - boost-for-react-native
    - DoubleConversion
    - glog
    - RCT-Folly/Default (= 2020.01.13.00)
  - RCT-Folly/Default (2020.01.13.00):
    - boost-for-react-native
    - DoubleConversion
    - glog
  - RCTRequired (0.63.37)
  - RCTTypeSafety (0.63.37):
    - FBLazyVector (= 0.63.37)
    - RCT-Folly (= 2020.01.13.00)
    - RCTRequired (= 0.63.37)
    - React-Core (= 0.63.37)
  - React (0.63.37):
    - React-Core (= 0.63.37)
    - React-Core/DevSupport (= 0.63.37)
    - React-Core/RCTWebSocket (= 0.63.37)
    - React-RCTActionSheet (= 0.63.37)
    - React-RCTAnimation (= 0.63.37)
    - React-RCTBlob (= 0.63.37)
    - React-RCTImage (= 0.63.37)
    - React-RCTLinking (= 0.63.37)
    - React-RCTNetwork (= 0.63.37)
    - React-RCTSettings (= 0.63.37)
    - React-RCTText (= 0.63.37)
    - React-RCTVibration (= 0.63.37)
  - React-callinvoker (0.63.37)
  - React-Core (0.63.37):
    - glog
    - RCT-Folly (= 2020.01.13.00)
    - React-Core/Default (= 0.63.37)
    - React-cxxreact (= 0.63.37)
    - React-jsi (= 0.63.37)
    - React-jsiexecutor (= 0.63.37)
    - Yoga
  - React-Core/CoreModulesHeaders (0.63.37):
    - glog
    - RCT-Folly (= 2020.01.13.00)
    - React-Core/Default
    - React-cxxreact (= 0.63.37)
    - React-jsi (= 0.63.37)
    - React-jsiexecutor (= 0.63.37)
    - Yoga
  - React-Core/Default (0.63.37):
    - glog
    - RCT-Folly (= 2020.01.13.00)
    - React-cxxreact (= 0.63.37)
    - React-jsi (= 0.63.37)
    - React-jsiexecutor (= 0.63.37)
    - Yoga
  - React-Core/DevSupport (0.63.37):
    - glog
    - RCT-Folly (= 2020.01.13.00)
    - React-Core/Default (= 0.63.37)
    - React-Core/RCTWebSocket (= 0.63.37)
    - React-cxxreact (= 0.63.37)
    - React-jsi (= 0.63.37)
    - React-jsiexecutor (= 0.63.37)
    - React-jsinspector (= 0.63.37)
    - Yoga
  - React-Core/RCTActionSheetHeaders (0.63.37):
    - glog
    - RCT-Folly (= 2020.01.13.00)
    - React-Core/Default
    - React-cxxreact (= 0.63.37)
    - React-jsi (= 0.63.37)
    - React-jsiexecutor (= 0.63.37)
    - Yoga
  - React-Core/RCTAnimationHeaders (0.63.37):
    - glog
    - RCT-Folly (= 2020.01.13.00)
    - React-Core/Default
    - React-cxxreact (= 0.63.37)
    - React-jsi (= 0.63.37)
    - React-jsiexecutor (= 0.63.37)
    - Yoga
  - React-Core/RCTBlobHeaders (0.63.37):
    - glog
    - RCT-Folly (= 2020.01.13.00)
    - React-Core/Default
    - React-cxxreact (= 0.63.37)
    - React-jsi (= 0.63.37)
    - React-jsiexecutor (= 0.63.37)
    - Yoga
  - React-Core/RCTImageHeaders (0.63.37):
    - glog
    - RCT-Folly (= 2020.01.13.00)
    - React-Core/Default
    - React-cxxreact (= 0.63.37)
    - React-jsi (= 0.63.37)
    - React-jsiexecutor (= 0.63.37)
    - Yoga
  - React-Core/RCTLinkingHeaders (0.63.37):
    - glog
    - RCT-Folly (= 2020.01.13.00)
    - React-Core/Default
    - React-cxxreact (= 0.63.37)
    - React-jsi (= 0.63.37)
    - React-jsiexecutor (= 0.63.37)
    - Yoga
  - React-Core/RCTNetworkHeaders (0.63.37):
    - glog
    - RCT-Folly (= 2020.01.13.00)
    - React-Core/Default
    - React-cxxreact (= 0.63.37)
    - React-jsi (= 0.63.37)
    - React-jsiexecutor (= 0.63.37)
    - Yoga
  - React-Core/RCTSettingsHeaders (0.63.37):
    - glog
    - RCT-Folly (= 2020.01.13.00)
    - React-Core/Default
    - React-cxxreact (= 0.63.37)
    - React-jsi (= 0.63.37)
    - React-jsiexecutor (= 0.63.37)
    - Yoga
  - React-Core/RCTTextHeaders (0.63.37):
    - glog
    - RCT-Folly (= 2020.01.13.00)
    - React-Core/Default
    - React-cxxreact (= 0.63.37)
    - React-jsi (= 0.63.37)
    - React-jsiexecutor (= 0.63.37)
    - Yoga
  - React-Core/RCTVibrationHeaders (0.63.37):
    - glog
    - RCT-Folly (= 2020.01.13.00)
    - React-Core/Default
    - React-cxxreact (= 0.63.37)
    - React-jsi (= 0.63.37)
    - React-jsiexecutor (= 0.63.37)
    - Yoga
  - React-Core/RCTWebSocket (0.63.37):
    - glog
    - RCT-Folly (= 2020.01.13.00)
    - React-Core/Default (= 0.63.37)
    - React-cxxreact (= 0.63.37)
    - React-jsi (= 0.63.37)
    - React-jsiexecutor (= 0.63.37)
    - Yoga
  - React-CoreModules (0.63.37):
    - FBReactNativeSpec (= 0.63.37)
    - RCT-Folly (= 2020.01.13.00)
    - RCTTypeSafety (= 0.63.37)
    - React-Core/CoreModulesHeaders (= 0.63.37)
    - React-jsi (= 0.63.37)
    - React-RCTImage (= 0.63.37)
    - ReactCommon/turbomodule/core (= 0.63.37)
  - React-cxxreact (0.63.37):
    - boost-for-react-native (= 1.63.0)
    - DoubleConversion
    - glog
    - RCT-Folly (= 2020.01.13.00)
    - React-callinvoker (= 0.63.37)
    - React-jsinspector (= 0.63.37)
  - React-jsi (0.63.37):
    - boost-for-react-native (= 1.63.0)
    - DoubleConversion
    - glog
    - RCT-Folly (= 2020.01.13.00)
    - React-jsi/Default (= 0.63.37)
  - React-jsi/Default (0.63.37):
    - boost-for-react-native (= 1.63.0)
    - DoubleConversion
    - glog
    - RCT-Folly (= 2020.01.13.00)
  - React-jsiexecutor (0.63.37):
    - DoubleConversion
    - glog
    - RCT-Folly (= 2020.01.13.00)
    - React-cxxreact (= 0.63.37)
    - React-jsi (= 0.63.37)
  - React-jsinspector (0.63.37)
  - React-RCTActionSheet (0.63.37):
    - React-Core/RCTActionSheetHeaders (= 0.63.37)
  - React-RCTAnimation (0.63.37):
    - FBReactNativeSpec (= 0.63.37)
    - RCT-Folly (= 2020.01.13.00)
    - RCTTypeSafety (= 0.63.37)
    - React-Core/RCTAnimationHeaders (= 0.63.37)
    - React-jsi (= 0.63.37)
    - ReactCommon/turbomodule/core (= 0.63.37)
  - React-RCTBlob (0.63.37):
    - FBReactNativeSpec (= 0.63.37)
    - RCT-Folly (= 2020.01.13.00)
    - React-Core/RCTBlobHeaders (= 0.63.37)
    - React-Core/RCTWebSocket (= 0.63.37)
    - React-jsi (= 0.63.37)
    - React-RCTNetwork (= 0.63.37)
    - ReactCommon/turbomodule/core (= 0.63.37)
  - React-RCTImage (0.63.37):
    - FBReactNativeSpec (= 0.63.37)
    - RCT-Folly (= 2020.01.13.00)
    - RCTTypeSafety (= 0.63.37)
    - React-Core/RCTImageHeaders (= 0.63.37)
    - React-jsi (= 0.63.37)
    - React-RCTNetwork (= 0.63.37)
    - ReactCommon/turbomodule/core (= 0.63.37)
  - React-RCTLinking (0.63.37):
    - FBReactNativeSpec (= 0.63.37)
    - React-Core/RCTLinkingHeaders (= 0.63.37)
    - React-jsi (= 0.63.37)
    - ReactCommon/turbomodule/core (= 0.63.37)
  - React-RCTNetwork (0.63.37):
    - FBReactNativeSpec (= 0.63.37)
    - RCT-Folly (= 2020.01.13.00)
    - RCTTypeSafety (= 0.63.37)
    - React-Core/RCTNetworkHeaders (= 0.63.37)
    - React-jsi (= 0.63.37)
    - ReactCommon/turbomodule/core (= 0.63.37)
  - React-RCTSettings (0.63.37):
    - FBReactNativeSpec (= 0.63.37)
    - RCT-Folly (= 2020.01.13.00)
    - RCTTypeSafety (= 0.63.37)
    - React-Core/RCTSettingsHeaders (= 0.63.37)
    - React-jsi (= 0.63.37)
    - ReactCommon/turbomodule/core (= 0.63.37)
  - React-RCTText (0.63.37):
    - React-Core/RCTTextHeaders (= 0.63.37)
  - React-RCTVibration (0.63.37):
    - FBReactNativeSpec (= 0.63.37)
    - RCT-Folly (= 2020.01.13.00)
    - React-Core/RCTVibrationHeaders (= 0.63.37)
    - React-jsi (= 0.63.37)
    - ReactCommon/turbomodule/core (= 0.63.37)
  - ReactCommon/turbomodule/core (0.63.37):
    - DoubleConversion
    - glog
    - RCT-Folly (= 2020.01.13.00)
    - React-callinvoker (= 0.63.37)
    - React-Core (= 0.63.37)
    - React-cxxreact (= 0.63.37)
    - React-jsi (= 0.63.37)
  - RNKeychain (7.0.0):
    - React-Core
  - Yoga (1.14.0)

DEPENDENCIES:
  - boost-for-react-native (from `../node_modules/react-native-macos/third-party-podspecs/boost-for-react-native.podspec`)
  - DoubleConversion (from `../node_modules/react-native-macos/third-party-podspecs/DoubleConversion.podspec`)
  - FBLazyVector (from `../node_modules/react-native-macos/Libraries/FBLazyVector`)
  - FBReactNativeSpec (from `../node_modules/react-native-macos/Libraries/FBReactNativeSpec`)
  - glog (from `../node_modules/react-native-macos/third-party-podspecs/glog.podspec`)
  - RCT-Folly (from `../node_modules/react-native-macos/third-party-podspecs/RCT-Folly.podspec`)
  - RCTRequired (from `../node_modules/react-native-macos/Libraries/RCTRequired`)
  - RCTTypeSafety (from `../node_modules/react-native-macos/Libraries/TypeSafety`)
  - React (from `../node_modules/react-native-macos/`)
  - React-callinvoker (from `../node_modules/react-native-macos/ReactCommon/callinvoker`)
  - React-Core (from `../node_modules/react-native-macos/`)
  - React-Core/DevSupport (from `../node_modules/react-native-macos/`)
  - React-Core/RCTWebSocket (from `../node_modules/react-native-macos/`)
  - React-CoreModules (from `../node_modules/react-native-macos/React/CoreModules`)
  - React-cxxreact (from `../node_modules/react-native-macos/ReactCommon/cxxreact`)
  - React-jsi (from `../node_modules/react-native-macos/ReactCommon/jsi`)
  - React-jsiexecutor (from `../node_modules/react-native-macos/ReactCommon/jsiexecutor`)
  - React-jsinspector (from `../node_modules/react-native-macos/ReactCommon/jsinspector`)
  - React-RCTActionSheet (from `../node_modules/react-native-macos/Libraries/ActionSheetIOS`)
  - React-RCTAnimation (from `../node_modules/react-native-macos/Libraries/NativeAnimation`)
  - React-RCTBlob (from `../node_modules/react-native-macos/Libraries/Blob`)
  - React-RCTImage (from `../node_modules/react-native-macos/Libraries/Image`)
  - React-RCTLinking (from `../node_modules/react-native-macos/Libraries/LinkingIOS`)
  - React-RCTNetwork (from `../node_modules/react-native-macos/Libraries/Network`)
  - React-RCTSettings (from `../node_modules/react-native-macos/Libraries/Settings`)
  - React-RCTText (from `../node_modules/react-native-macos/Libraries/Text`)
  - React-RCTVibration (from `../node_modules/react-native-macos/Libraries/Vibration`)
  - ReactCommon/turbomodule/core (from `../node_modules/react-native-macos/ReactCommon`)
  - RNKeychain (from `../node_modules/react-native-keychain`)
  - Yoga (from `../node_modules/react-native-macos/ReactCommon/yoga`)

EXTERNAL SOURCES:
  boost-for-react-native:
    :podspec: "../node_modules/react-native-macos/third-party-podspecs/boost-for-react-native.podspec"
  DoubleConversion:
    :podspec: "../node_modules/react-native-macos/third-party-podspecs/DoubleConversion.podspec"
  FBLazyVector:
    :path: "../node_modules/react-native-macos/Libraries/FBLazyVector"
  FBReactNativeSpec:
    :path: "../node_modules/react-native-macos/Libraries/FBReactNativeSpec"
  glog:
    :podspec: "../node_modules/react-native-macos/third-party-podspecs/glog.podspec"
  RCT-Folly:
    :podspec: "../node_modules/react-native-macos/third-party-podspecs/RCT-Folly.podspec"
  RCTRequired:
    :path: "../node_modules/react-native-macos/Libraries/RCTRequired"
  RCTTypeSafety:
    :path: "../node_modules/react-native-macos/Libraries/TypeSafety"
  React:
    :path: "../node_modules/react-native-macos/"
  React-callinvoker:
    :path: "../node_modules/react-native-macos/ReactCommon/callinvoker"
  React-Core:
    :path: "../node_modules/react-native-macos/"
  React-CoreModules:
    :path: "../node_modules/react-native-macos/React/CoreModules"
  React-cxxreact:
    :path: "../node_modules/react-native-macos/ReactCommon/cxxreact"
  React-jsi:
    :path: "../node_modules/react-native-macos/ReactCommon/jsi"
  React-jsiexecutor:
    :path: "../node_modules/react-native-macos/ReactCommon/jsiexecutor"
  React-jsinspector:
    :path: "../node_modules/react-native-macos/ReactCommon/jsinspector"
  React-RCTActionSheet:
    :path: "../node_modules/react-native-macos/Libraries/ActionSheetIOS"
  React-RCTAnimation:
    :path: "../node_modules/react-native-macos/Libraries/NativeAnimation"
  React-RCTBlob:
    :path: "../node_modules/react-native-macos/Libraries/Blob"
  React-RCTImage:
    :path: "../node_modules/react-native-macos/Libraries/Image"
  React-RCTLinking:
    :path: "../node_modules/react-native-macos/Libraries/LinkingIOS"
  React-RCTNetwork:
    :path: "../node_modules/react-native-macos/Libraries/Network"
  React-RCTSettings:
    :path: "../node_modules/react-native-macos/Libraries/Settings"
  React-RCTText:
    :path: "../node_modules/react-native-macos/Libraries/Text"
  React-RCTVibration:
    :path: "../node_modules/react-native-macos/Libraries/Vibration"
  ReactCommon:
    :path: "../node_modules/react-native-macos/ReactCommon"
  RNKeychain:
    :path: "../node_modules/react-native-keychain"
  Yoga:
    :path: "../node_modules/react-native-macos/ReactCommon/yoga"

SPEC CHECKSUMS:
  boost-for-react-native: dabda8622e76020607c2ae1e65cc0cda8b61479d
  DoubleConversion: 56a44bcfd14ab2ff66f5a146b2e875eb4b69b19b
  FBLazyVector: 9d69690b3a1ca272ca0c0cee76ffcb6cf36d77af
  FBReactNativeSpec: 8b671febd2393669947b56e8d8f53a54185dd0b7
  glog: 1cb7c408c781ae8f35bbababe459b45e3dee4ec1
  RCT-Folly: 1347093ffe75e152d846f7e45a3ef901b60021aa
  RCTRequired: 34869e88152b553afc0c7bde31b7b95f626ae367
  RCTTypeSafety: a7e07dddefa291537fa86c996b19bbbeda9db88e
  React: 4b1d4533300d5ffecadd5966efad43aae87d0dcb
  React-callinvoker: f6cc4222b47cfbea310047e92fec23d454029595
  React-Core: bf15e114c68922342fa1c77a7582458086931f50
  React-CoreModules: 00bbdffe53f364828dcf56c0c8ed58502a67757a
  React-cxxreact: a6ae61aee087fb51956642ec9e45f0f5cc50e488
  React-jsi: 95337001f7c137cb7aa17b39a05b654b54ddcccb
  React-jsiexecutor: 6dcf6fb045190e13ab29d5a3eed010aaecd934be
  React-jsinspector: df2c5f97e26ffc68bea06c4aae11e4ce09e53e3e
  React-RCTActionSheet: faf3d96046a0fa2b40c3c1bd0c36be860b42f2a1
  React-RCTAnimation: 7e62b31253f45c752f7593cff24a8845557b4d13
  React-RCTBlob: 8a1c648f7887d850972233f742589e67d52357bb
  React-RCTImage: d40614e39fc3186a0b406ceb13fd1903880dec96
  React-RCTLinking: a0906eb0f0169f881a0637cbb9999fb4881ee200
  React-RCTNetwork: b1baf2d42aa5dc7157c57c7cc7ca548b9eeadaee
  React-RCTSettings: a21555584a097f61277b9ed97c00091da9beaa61
  React-RCTText: 2f9504b1157ccce317774eb3ca935a923ddc95d7
  React-RCTVibration: db89493e2520ad419eeb59e40059e246d9e71607
  ReactCommon: 014dd1ff02eab367fa6676b7b408d1a08893a98d
  RNKeychain: 93bde9579af36fb00c7f53f91e279aaffed5a519
  Yoga: 77d9987384e26b4aaf3e7a01808838cc2d4304f2

PODFILE CHECKSUM: e84655199031bc7b112537bbc81b56a929189252

COCOAPODS: 1.10.1
